
Microsoft Visual Studio Solution File, Format Version 12.00
# Visual Studio Version 17
VisualStudioVersion = 17.2.32616.157
MinimumVisualStudioVersion = 10.0.40219.1
Project("{9A19103F-16F7-4668-BE54-9A1E7A4F7556}") = "DataAccess", "DataAccess\DataAccess.csproj", "{CA3401DA-CF83-4554-8BCC-2EA445BD71F2}"
EndProject
Project("{9A19103F-16F7-4668-BE54-9A1E7A4F7556}") = "OnlineStore", "OnlineStore\OnlineStore.csproj", "{A8273366-DB50-46E9-986C-3233FAADB252}"
EndProject
Project("{9A19103F-16F7-4668-BE54-9A1E7A4F7556}") = "OnlineStoreServices", "OnlineStoreServices\OnlineStoreServices.csproj", "{E0967B0E-C39D-4564-816D-EFA8E0C6699C}"
EndProject
Project("{FAE04EC0-301F-11D3-BF4B-00C04F79EFBC}") = "Homeork1.Tests", "Homeork1.Tests\Homeork1.Tests.csproj", "{B42883CB-DA33-4E36-A56E-3C6FF189ACAE}"
EndProject
Project("{FAE04EC0-301F-11D3-BF4B-00C04F79EFBC}") = "OnlineStoreServices.Test", "OnlineStoreServices.Test\OnlineStoreServices.Test.csproj", "{2563BEB0-1DC5-48BC-9D4A-07BB908A0693}"
EndProject
Global
	GlobalSection(SolutionConfigurationPlatforms) = preSolution
		Debug|Any CPU = Debug|Any CPU
		Release|Any CPU = Release|Any CPU
	EndGlobalSection
	GlobalSection(ProjectConfigurationPlatforms) = postSolution
		{CA3401DA-CF83-4554-8BCC-2EA445BD71F2}.Debug|Any CPU.ActiveCfg = Debug|Any CPU
		{CA3401DA-CF83-4554-8BCC-2EA445BD71F2}.Debug|Any CPU.Build.0 = Debug|Any CPU
		{CA3401DA-CF83-4554-8BCC-2EA445BD71F2}.Release|Any CPU.ActiveCfg = Release|Any CPU
		{CA3401DA-CF83-4554-8BCC-2EA445BD71F2}.Release|Any CPU.Build.0 = Release|Any CPU
		{A8273366-DB50-46E9-986C-3233FAADB252}.Debug|Any CPU.ActiveCfg = Debug|Any CPU
		{A8273366-DB50-46E9-986C-3233FAADB252}.Debug|Any CPU.Build.0 = Debug|Any CPU
		{A8273366-DB50-46E9-986C-3233FAADB252}.Release|Any CPU.ActiveCfg = Release|Any CPU
		{A8273366-DB50-46E9-986C-3233FAADB252}.Release|Any CPU.Build.0 = Release|Any CPU
		{E0967B0E-C39D-4564-816D-EFA8E0C6699C}.Debug|Any CPU.ActiveCfg = Debug|Any CPU
		{E0967B0E-C39D-4564-816D-EFA8E0C6699C}.Debug|Any CPU.Build.0 = Debug|Any CPU
		{E0967B0E-C39D-4564-816D-EFA8E0C6699C}.Release|Any CPU.ActiveCfg = Release|Any CPU
		{E0967B0E-C39D-4564-816D-EFA8E0C6699C}.Release|Any CPU.Build.0 = Release|Any CPU
		{B42883CB-DA33-4E36-A56E-3C6FF189ACAE}.Debug|Any CPU.ActiveCfg = Debug|Any CPU
		{B42883CB-DA33-4E36-A56E-3C6FF189ACAE}.Debug|Any CPU.Build.0 = Debug|Any CPU
		{B42883CB-DA33-4E36-A56E-3C6FF189ACAE}.Release|Any CPU.ActiveCfg = Release|Any CPU
		{B42883CB-DA33-4E36-A56E-3C6FF189ACAE}.Release|Any CPU.Build.0 = Release|Any CPU
		{2563BEB0-1DC5-48BC-9D4A-07BB908A0693}.Debug|Any CPU.ActiveCfg = Debug|Any CPU
		{2563BEB0-1DC5-48BC-9D4A-07BB908A0693}.Debug|Any CPU.Build.0 = Debug|Any CPU
		{2563BEB0-1DC5-48BC-9D4A-07BB908A0693}.Release|Any CPU.ActiveCfg = Release|Any CPU
		{2563BEB0-1DC5-48BC-9D4A-07BB908A0693}.Release|Any CPU.Build.0 = Release|Any CPU
	EndGlobalSection
	GlobalSection(SolutionProperties) = preSolution
		HideSolutionNode = FALSE
	EndGlobalSection
	GlobalSection(ExtensibilityGlobals) = postSolution
		SolutionGuid = {85F1FA5A-4BD4-4723-A67F-08B34EA15FE8}
	EndGlobalSection
EndGlobal
